
Microsoft Visual Studio Solution File, Format Version 12.00
# Visual Studio Version 16
VisualStudioVersion = 16.0.30503.244
MinimumVisualStudioVersion = 10.0.40219.1
Project("{9A19103F-16F7-4668-BE54-9A1E7A4F7556}") = "SchoolWeb", "SchoolWeb\SchoolWeb.csproj", "{587511FE-D860-49F5-8831-86EB60E45A48}"
EndProject
Project("{9A19103F-16F7-4668-BE54-9A1E7A4F7556}") = "SchoolWeb.DataAccess", "SchoolWeb.DataAccess\SchoolWeb.DataAccess.csproj", "{204766B8-3098-49F9-827B-26A593E8951B}"
EndProject
Project("{9A19103F-16F7-4668-BE54-9A1E7A4F7556}") = "SchoolWeb.Models", "SchoolWeb.Models\SchoolWeb.Models.csproj", "{1FE38E95-9AC6-4754-9E68-53283469455B}"
EndProject
Project("{9A19103F-16F7-4668-BE54-9A1E7A4F7556}") = "SchoolWeb.Utility", "SchoolWeb.Utility\SchoolWeb.Utility.csproj", "{89DE57E5-E63C-4C55-ADE7-9BEBB42233FA}"
EndProject
Project("{2150E333-8FDC-42A3-9474-1A3956D46DE8}") = "Solution Items", "Solution Items", "{38FD36E0-FBE2-44AD-B6B2-95DB66110C94}"
	ProjectSection(SolutionItems) = preProject
		.editorconfig = .editorconfig
	EndProjectSection
EndProject
Global
	GlobalSection(SolutionConfigurationPlatforms) = preSolution
		Debug|Any CPU = Debug|Any CPU
		Release|Any CPU = Release|Any CPU
	EndGlobalSection
	GlobalSection(ProjectConfigurationPlatforms) = postSolution
		{587511FE-D860-49F5-8831-86EB60E45A48}.Debug|Any CPU.ActiveCfg = Debug|Any CPU
		{587511FE-D860-49F5-8831-86EB60E45A48}.Debug|Any CPU.Build.0 = Debug|Any CPU
		{587511FE-D860-49F5-8831-86EB60E45A48}.Release|Any CPU.ActiveCfg = Release|Any CPU
		{587511FE-D860-49F5-8831-86EB60E45A48}.Release|Any CPU.Build.0 = Release|Any CPU
		{204766B8-3098-49F9-827B-26A593E8951B}.Debug|Any CPU.ActiveCfg = Debug|Any CPU
		{204766B8-3098-49F9-827B-26A593E8951B}.Debug|Any CPU.Build.0 = Debug|Any CPU
		{204766B8-3098-49F9-827B-26A593E8951B}.Release|Any CPU.ActiveCfg = Release|Any CPU
		{204766B8-3098-49F9-827B-26A593E8951B}.Release|Any CPU.Build.0 = Release|Any CPU
		{1FE38E95-9AC6-4754-9E68-53283469455B}.Debug|Any CPU.ActiveCfg = Debug|Any CPU
		{1FE38E95-9AC6-4754-9E68-53283469455B}.Debug|Any CPU.Build.0 = Debug|Any CPU
		{1FE38E95-9AC6-4754-9E68-53283469455B}.Release|Any CPU.ActiveCfg = Release|Any CPU
		{1FE38E95-9AC6-4754-9E68-53283469455B}.Release|Any CPU.Build.0 = Release|Any CPU
		{89DE57E5-E63C-4C55-ADE7-9BEBB42233FA}.Debug|Any CPU.ActiveCfg = Debug|Any CPU
		{89DE57E5-E63C-4C55-ADE7-9BEBB42233FA}.Debug|Any CPU.Build.0 = Debug|Any CPU
		{89DE57E5-E63C-4C55-ADE7-9BEBB42233FA}.Release|Any CPU.ActiveCfg = Release|Any CPU
		{89DE57E5-E63C-4C55-ADE7-9BEBB42233FA}.Release|Any CPU.Build.0 = Release|Any CPU
	EndGlobalSection
	GlobalSection(SolutionProperties) = preSolution
		HideSolutionNode = FALSE
	EndGlobalSection
	GlobalSection(ExtensibilityGlobals) = postSolution
		SolutionGuid = {ACBF6095-91CF-46CD-8A47-6380856D7443}
	EndGlobalSection
EndGlobal
